// !$*UTF8*$!
{
	archiveVersion = 1;
	classes = {
	};
	objectVersion = 48;
	objects = {

/* Begin PBXBuildFile section */
		4B3BA2EC1FB33A640033E061 /* CalendarView.swift in Sources */ = {isa = PBXBuildFile; fileRef = 4B3BA2EB1FB33A640033E061 /* CalendarView.swift */; };
		4B3BA3081FB481BB0033E061 /* Stack.swift in Sources */ = {isa = PBXBuildFile; fileRef = 4B3BA3071FB481BB0033E061 /* Stack.swift */; };
		4B3CBB521FB5120E00E7CA84 /* Explore.swift in Sources */ = {isa = PBXBuildFile; fileRef = 4B3CBB511FB5120E00E7CA84 /* Explore.swift */; };
		4B4526451FDA8B9D00479802 /* GoogleService-Info.plist in Resources */ = {isa = PBXBuildFile; fileRef = 4B4526441FDA8B9D00479802 /* GoogleService-Info.plist */; };
		4B51043D1FE0F8F7001141C6 /* CalendarListController.swift in Sources */ = {isa = PBXBuildFile; fileRef = 4B51043C1FE0F8F7001141C6 /* CalendarListController.swift */; };
		4B72C2B11F9A09320045EC9E /* Setting.swift in Sources */ = {isa = PBXBuildFile; fileRef = 4B72C2B01F9A09320045EC9E /* Setting.swift */; };
		4B769A7E1FDA8DCF00F43BBC /* App.swift in Sources */ = {isa = PBXBuildFile; fileRef = 4B769A7D1FDA8DCF00F43BBC /* App.swift */; };
		4B769A801FDA8DFE00F43BBC /* FirebaseAPI.swift in Sources */ = {isa = PBXBuildFile; fileRef = 4B769A7F1FDA8DFE00F43BBC /* FirebaseAPI.swift */; };
		4B9039E21FD6436E008813EF /* Extensions.swift in Sources */ = {isa = PBXBuildFile; fileRef = 4B9039E11FD6436E008813EF /* Extensions.swift */; };
		4B9B27252132BB9B006DE326 /* Array+Extensions.swift in Sources */ = {isa = PBXBuildFile; fileRef = 4B9B26D62132BB9B006DE326 /* Array+Extensions.swift */; };
		4B9B27262132BB9B006DE326 /* UISegmentedControl+Extensions.swift in Sources */ = {isa = PBXBuildFile; fileRef = 4B9B26D72132BB9B006DE326 /* UISegmentedControl+Extensions.swift */; };
		4B9B27272132BB9B006DE326 /* UIImageView+Extensions.swift in Sources */ = {isa = PBXBuildFile; fileRef = 4B9B26D82132BB9B006DE326 /* UIImageView+Extensions.swift */; };
		4B9B27282132BB9B006DE326 /* UIViewController+Extensions.swift in Sources */ = {isa = PBXBuildFile; fileRef = 4B9B26D92132BB9B006DE326 /* UIViewController+Extensions.swift */; };
		4B9B27292132BB9B006DE326 /* UIView+Extensions.swift in Sources */ = {isa = PBXBuildFile; fileRef = 4B9B26DA2132BB9B006DE326 /* UIView+Extensions.swift */; };
		4B9B272A2132BB9B006DE326 /* Date+Extension.swift in Sources */ = {isa = PBXBuildFile; fileRef = 4B9B26DB2132BB9B006DE326 /* Date+Extension.swift */; };
		4B9B272B2132BB9B006DE326 /* String+Extensions.swift in Sources */ = {isa = PBXBuildFile; fileRef = 4B9B26DC2132BB9B006DE326 /* String+Extensions.swift */; };
		4B9B272C2132BB9B006DE326 /* UITextView+Extensions.swift in Sources */ = {isa = PBXBuildFile; fileRef = 4B9B26DD2132BB9B006DE326 /* UITextView+Extensions.swift */; };
		4B9B272D2132BB9B006DE326 /* UIColor+Extensions.swift in Sources */ = {isa = PBXBuildFile; fileRef = 4B9B26DE2132BB9B006DE326 /* UIColor+Extensions.swift */; };
		4B9B272E2132BB9B006DE326 /* UIImage+Extensions.swift in Sources */ = {isa = PBXBuildFile; fileRef = 4B9B26DF2132BB9B006DE326 /* UIImage+Extensions.swift */; };
		4B9B272F2132BB9B006DE326 /* UISearchBar+Extensions.swift in Sources */ = {isa = PBXBuildFile; fileRef = 4B9B26E02132BB9B006DE326 /* UISearchBar+Extensions.swift */; };
		4B9B27302132BB9B006DE326 /* UIApplication+Extensions.swift in Sources */ = {isa = PBXBuildFile; fileRef = 4B9B26E12132BB9B006DE326 /* UIApplication+Extensions.swift */; };
		4B9B27312132BB9B006DE326 /* UIAlertController+Extensions.swift in Sources */ = {isa = PBXBuildFile; fileRef = 4B9B26E22132BB9B006DE326 /* UIAlertController+Extensions.swift */; };
		4B9B27322132BB9B006DE326 /* Optional+Extensions.swift in Sources */ = {isa = PBXBuildFile; fileRef = 4B9B26E32132BB9B006DE326 /* Optional+Extensions.swift */; };
		4B9B27332132BB9B006DE326 /* Common+Extensions.swift in Sources */ = {isa = PBXBuildFile; fileRef = 4B9B26E42132BB9B006DE326 /* Common+Extensions.swift */; };
		4B9B27342132BB9B006DE326 /* Locale+Extensions.swift in Sources */ = {isa = PBXBuildFile; fileRef = 4B9B26E52132BB9B006DE326 /* Locale+Extensions.swift */; };
		4B9B27352132BB9B006DE326 /* UITextField+Extensions.swift in Sources */ = {isa = PBXBuildFile; fileRef = 4B9B26E62132BB9B006DE326 /* UITextField+Extensions.swift */; };
		4B9B27362132BB9B006DE326 /* AttributedTextBlock.swift in Sources */ = {isa = PBXBuildFile; fileRef = 4B9B26E92132BB9B006DE326 /* AttributedTextBlock.swift */; };
		4B9B27372132BB9B006DE326 /* TextViewController.swift in Sources */ = {isa = PBXBuildFile; fileRef = 4B9B26EA2132BB9B006DE326 /* TextViewController.swift */; };
		4B9B27382132BB9B006DE326 /* Countries.bundle in Resources */ = {isa = PBXBuildFile; fileRef = 4B9B26ED2132BB9B006DE326 /* Countries.bundle */; };
		4B9B27392132BB9B006DE326 /* LocaleStore.swift in Sources */ = {isa = PBXBuildFile; fileRef = 4B9B26EF2132BB9B006DE326 /* LocaleStore.swift */; };
		4B9B273A2132BB9B006DE326 /* LocaleInfo.swift in Sources */ = {isa = PBXBuildFile; fileRef = 4B9B26F12132BB9B006DE326 /* LocaleInfo.swift */; };
		4B9B273B2132BB9B006DE326 /* LocalePickerViewController.swift in Sources */ = {isa = PBXBuildFile; fileRef = 4B9B26F22132BB9B006DE326 /* LocalePickerViewController.swift */; };
		4B9B273C2132BB9B006DE326 /* PhoneCodeCell.swift in Sources */ = {isa = PBXBuildFile; fileRef = 4B9B26F42132BB9B006DE326 /* PhoneCodeCell.swift */; };
		4B9B273D2132BB9B006DE326 /* CurrencyCell.swift in Sources */ = {isa = PBXBuildFile; fileRef = 4B9B26F52132BB9B006DE326 /* CurrencyCell.swift */; };
		4B9B273E2132BB9B006DE326 /* CountryCell.swift in Sources */ = {isa = PBXBuildFile; fileRef = 4B9B26F62132BB9B006DE326 /* CountryCell.swift */; };
		4B9B273F2132BB9B006DE326 /* TwoTextFieldsViewController.swift in Sources */ = {isa = PBXBuildFile; fileRef = 4B9B26F82132BB9B006DE326 /* TwoTextFieldsViewController.swift */; };
		4B9B27402132BB9B006DE326 /* OneTextFieldViewController.swift in Sources */ = {isa = PBXBuildFile; fileRef = 4B9B26F92132BB9B006DE326 /* OneTextFieldViewController.swift */; };
		4B9B27412132BB9B006DE326 /* Assets.swift in Sources */ = {isa = PBXBuildFile; fileRef = 4B9B26FC2132BB9B006DE326 /* Assets.swift */; };
		4B9B27422132BB9B006DE326 /* PhotoLibraryPickerViewController.swift in Sources */ = {isa = PBXBuildFile; fileRef = 4B9B26FD2132BB9B006DE326 /* PhotoLibraryPickerViewController.swift */; };
		4B9B27432132BB9B006DE326 /* LocationSearchResultsViewController.swift in Sources */ = {isa = PBXBuildFile; fileRef = 4B9B26FF2132BB9B006DE326 /* LocationSearchResultsViewController.swift */; };
		4B9B27442132BB9B006DE326 /* LocationPickerViewController.swift in Sources */ = {isa = PBXBuildFile; fileRef = 4B9B27002132BB9B006DE326 /* LocationPickerViewController.swift */; };
		4B9B27452132BB9B006DE326 /* SearchHistoryManager.swift in Sources */ = {isa = PBXBuildFile; fileRef = 4B9B27022132BB9B006DE326 /* SearchHistoryManager.swift */; };
		4B9B27462132BB9B006DE326 /* Location.swift in Sources */ = {isa = PBXBuildFile; fileRef = 4B9B27042132BB9B006DE326 /* Location.swift */; };
		4B9B27472132BB9B006DE326 /* Address.swift in Sources */ = {isa = PBXBuildFile; fileRef = 4B9B27052132BB9B006DE326 /* Address.swift */; };
		4B9B27482132BB9B006DE326 /* PickerViewViewController.swift in Sources */ = {isa = PBXBuildFile; fileRef = 4B9B27072132BB9B006DE326 /* PickerViewViewController.swift */; };
		4B9B27492132BB9B006DE326 /* ContactsPickerViewController.swift in Sources */ = {isa = PBXBuildFile; fileRef = 4B9B27092132BB9B006DE326 /* ContactsPickerViewController.swift */; };
		4B9B274A2132BB9B006DE326 /* Contacts.swift in Sources */ = {isa = PBXBuildFile; fileRef = 4B9B270B2132BB9B006DE326 /* Contacts.swift */; };
		4B9B274B2132BB9B006DE326 /* Contact.swift in Sources */ = {isa = PBXBuildFile; fileRef = 4B9B270D2132BB9B006DE326 /* Contact.swift */; };
		4B9B274C2132BB9B006DE326 /* ContactCell.swift in Sources */ = {isa = PBXBuildFile; fileRef = 4B9B270F2132BB9B006DE326 /* ContactCell.swift */; };
		4B9B274D2132BB9B006DE326 /* ColorPickerViewController.swift in Sources */ = {isa = PBXBuildFile; fileRef = 4B9B27112132BB9B006DE326 /* ColorPickerViewController.swift */; };
		4B9B274E2132BB9B006DE326 /* DatePickerViewController.swift in Sources */ = {isa = PBXBuildFile; fileRef = 4B9B27132132BB9B006DE326 /* DatePickerViewController.swift */; };
		4B9B274F2132BB9B006DE326 /* ImagePickerViewController.swift in Sources */ = {isa = PBXBuildFile; fileRef = 4B9B27152132BB9B006DE326 /* ImagePickerViewController.swift */; };
		4B9B27502132BB9B006DE326 /* ItemWithImage.swift in Sources */ = {isa = PBXBuildFile; fileRef = 4B9B27172132BB9B006DE326 /* ItemWithImage.swift */; };
		4B9B27512132BB9B006DE326 /* PhotoLayout.swift in Sources */ = {isa = PBXBuildFile; fileRef = 4B9B271A2132BB9B006DE326 /* PhotoLayout.swift */; };
		4B9B27522132BB9B006DE326 /* TelegramPickerViewController.swift in Sources */ = {isa = PBXBuildFile; fileRef = 4B9B271B2132BB9B006DE326 /* TelegramPickerViewController.swift */; };
		4B9B27532132BB9B006DE326 /* ItemWithPhoto.swift in Sources */ = {isa = PBXBuildFile; fileRef = 4B9B271D2132BB9B006DE326 /* ItemWithPhoto.swift */; };
		4B9B27542132BB9B006DE326 /* LikeButtonCell.swift in Sources */ = {isa = PBXBuildFile; fileRef = 4B9B271E2132BB9B006DE326 /* LikeButtonCell.swift */; };
		4B9B27552132BB9B006DE326 /* Label.swift in Sources */ = {isa = PBXBuildFile; fileRef = 4B9B27202132BB9B006DE326 /* Label.swift */; };
		4B9B27562132BB9B006DE326 /* SegmentedControl.swift in Sources */ = {isa = PBXBuildFile; fileRef = 4B9B27212132BB9B006DE326 /* SegmentedControl.swift */; };
		4B9B27572132BB9B006DE326 /* GradientSlider.swift in Sources */ = {isa = PBXBuildFile; fileRef = 4B9B27222132BB9B006DE326 /* GradientSlider.swift */; };
		4B9B27582132BB9B006DE326 /* TextField.swift in Sources */ = {isa = PBXBuildFile; fileRef = 4B9B27232132BB9B006DE326 /* TextField.swift */; };
		4B9B27592132BB9B006DE326 /* Button.swift in Sources */ = {isa = PBXBuildFile; fileRef = 4B9B27242132BB9B006DE326 /* Button.swift */; };
		4BA6EAA121316D15007612AD /* NavigationManager.swift in Sources */ = {isa = PBXBuildFile; fileRef = 4BA6EAA021316D15007612AD /* NavigationManager.swift */; };
		4BA6EAA321316D7E007612AD /* PopAnimator.swift in Sources */ = {isa = PBXBuildFile; fileRef = 4BA6EAA221316D7E007612AD /* PopAnimator.swift */; };
		4BA6EAA521316D89007612AD /* PushAnimator.swift in Sources */ = {isa = PBXBuildFile; fileRef = 4BA6EAA421316D89007612AD /* PushAnimator.swift */; };
		4BA6EAA721316DA6007612AD /* SnapShotView.swift in Sources */ = {isa = PBXBuildFile; fileRef = 4BA6EAA621316DA6007612AD /* SnapShotView.swift */; };
		4BA6EAAB213170A2007612AD /* extensionUICollectionView.swift in Sources */ = {isa = PBXBuildFile; fileRef = 4BA6EAAA213170A2007612AD /* extensionUICollectionView.swift */; };
		4BA6EAAD2131721D007612AD /* extensionUIViewController.swift in Sources */ = {isa = PBXBuildFile; fileRef = 4BA6EAAC2131721D007612AD /* extensionUIViewController.swift */; };
		4BA6EAAF21317236007612AD /* extensionUIView.swift in Sources */ = {isa = PBXBuildFile; fileRef = 4BA6EAAE21317236007612AD /* extensionUIView.swift */; };
		4BAE873C1FAAA933007A0ED7 /* SearchResultsController.swift in Sources */ = {isa = PBXBuildFile; fileRef = 4BAE873B1FAAA933007A0ED7 /* SearchResultsController.swift */; };
		4BAE87401FAAB8D2007A0ED7 /* SearchResultsCell.swift in Sources */ = {isa = PBXBuildFile; fileRef = 4BAE873F1FAAB8D2007A0ED7 /* SearchResultsCell.swift */; };
		4BB34C2C1FDA73F500382A11 /* AddNewController.swift in Sources */ = {isa = PBXBuildFile; fileRef = 4BB34C2B1FDA73F400382A11 /* AddNewController.swift */; };
		4BC00A6F213235FF00130BC5 /* TabViewController.swift in Sources */ = {isa = PBXBuildFile; fileRef = 4BC00A6E213235FF00130BC5 /* TabViewController.swift */; };
		4BC00A712132371B00130BC5 /* CommonTabView.xib in Resources */ = {isa = PBXBuildFile; fileRef = 4BC00A702132371B00130BC5 /* CommonTabView.xib */; };
		4BE462D81F9AA6B000E593C9 /* MainViewController.swift in Sources */ = {isa = PBXBuildFile; fileRef = 4BE462D71F9AA6B000E593C9 /* MainViewController.swift */; };
		4BF6C339213192C50041B4DC /* Router.swift in Sources */ = {isa = PBXBuildFile; fileRef = 4BF6C338213192C50041B4DC /* Router.swift */; };
		5CF76A8C73B2D6E2E4902C54 /* Pods_FinalStackProject.framework in Frameworks */ = {isa = PBXBuildFile; fileRef = E737C49BE85561C3F4BC5B0C /* Pods_FinalStackProject.framework */; };
		DD7267941FB41A1400514E72 /* CustomStackCell.swift in Sources */ = {isa = PBXBuildFile; fileRef = DD7267931FB41A1400514E72 /* CustomStackCell.swift */; };
		DD7267961FB41CA500514E72 /* ListMainController.swift in Sources */ = {isa = PBXBuildFile; fileRef = DD7267951FB41CA500514E72 /* ListMainController.swift */; };
		DD81676F1F96E8FE00A80891 /* AppDelegate.swift in Sources */ = {isa = PBXBuildFile; fileRef = DD81676E1F96E8FE00A80891 /* AppDelegate.swift */; };
		DD8167741F96E8FE00A80891 /* Main.storyboard in Resources */ = {isa = PBXBuildFile; fileRef = DD8167721F96E8FE00A80891 /* Main.storyboard */; };
		DD8167881F96ECA000A80891 /* Assets.xcassets in Resources */ = {isa = PBXBuildFile; fileRef = DD8167871F96ECA000A80891 /* Assets.xcassets */; };
		DD8167931F97014400A80891 /* CustomTextField.swift in Sources */ = {isa = PBXBuildFile; fileRef = DD8167921F97014400A80891 /* CustomTextField.swift */; };
		DD81679A1F97351100A80891 /* GlobalState.swift in Sources */ = {isa = PBXBuildFile; fileRef = DD8167991F97351100A80891 /* GlobalState.swift */; };
		DDB290E61F9DB23B005E438D /* HandlingErrorVC.swift in Sources */ = {isa = PBXBuildFile; fileRef = DDB290E51F9DB23B005E438D /* HandlingErrorVC.swift */; };
		DDEE84C81F99CD20002CDB03 /* ExploreController.swift in Sources */ = {isa = PBXBuildFile; fileRef = DDEE84C71F99CD20002CDB03 /* ExploreController.swift */; };
/* End PBXBuildFile section */

/* Begin PBXFileReference section */
		245228E337F3A6732A2B78E1 /* Pods-FinalStackProject.release.xcconfig */ = {isa = PBXFileReference; includeInIndex = 1; lastKnownFileType = text.xcconfig; name = "Pods-FinalStackProject.release.xcconfig"; path = "Pods/Target Support Files/Pods-FinalStackProject/Pods-FinalStackProject.release.xcconfig"; sourceTree = "<group>"; };
		4B3BA2EB1FB33A640033E061 /* CalendarView.swift */ = {isa = PBXFileReference; lastKnownFileType = sourcecode.swift; path = CalendarView.swift; sourceTree = "<group>"; };
		4B3BA3071FB481BB0033E061 /* Stack.swift */ = {isa = PBXFileReference; fileEncoding = 4; lastKnownFileType = sourcecode.swift; path = Stack.swift; sourceTree = "<group>"; };
		4B3CBB511FB5120E00E7CA84 /* Explore.swift */ = {isa = PBXFileReference; lastKnownFileType = sourcecode.swift; path = Explore.swift; sourceTree = "<group>"; };
		4B4526441FDA8B9D00479802 /* GoogleService-Info.plist */ = {isa = PBXFileReference; fileEncoding = 4; lastKnownFileType = text.plist.xml; path = "GoogleService-Info.plist"; sourceTree = "<group>"; };
		4B51043C1FE0F8F7001141C6 /* CalendarListController.swift */ = {isa = PBXFileReference; lastKnownFileType = sourcecode.swift; path = CalendarListController.swift; sourceTree = "<group>"; };
		4B72C2B01F9A09320045EC9E /* Setting.swift */ = {isa = PBXFileReference; lastKnownFileType = sourcecode.swift; path = Setting.swift; sourceTree = "<group>"; };
		4B769A7D1FDA8DCF00F43BBC /* App.swift */ = {isa = PBXFileReference; lastKnownFileType = sourcecode.swift; path = App.swift; sourceTree = "<group>"; };
		4B769A7F1FDA8DFE00F43BBC /* FirebaseAPI.swift */ = {isa = PBXFileReference; lastKnownFileType = sourcecode.swift; path = FirebaseAPI.swift; sourceTree = "<group>"; };
		4B9039E11FD6436E008813EF /* Extensions.swift */ = {isa = PBXFileReference; lastKnownFileType = sourcecode.swift; path = Extensions.swift; sourceTree = "<group>"; };
		4B9B26D62132BB9B006DE326 /* Array+Extensions.swift */ = {isa = PBXFileReference; fileEncoding = 4; lastKnownFileType = sourcecode.swift; path = "Array+Extensions.swift"; sourceTree = "<group>"; };
		4B9B26D72132BB9B006DE326 /* UISegmentedControl+Extensions.swift */ = {isa = PBXFileReference; fileEncoding = 4; lastKnownFileType = sourcecode.swift; path = "UISegmentedControl+Extensions.swift"; sourceTree = "<group>"; };
		4B9B26D82132BB9B006DE326 /* UIImageView+Extensions.swift */ = {isa = PBXFileReference; fileEncoding = 4; lastKnownFileType = sourcecode.swift; path = "UIImageView+Extensions.swift"; sourceTree = "<group>"; };
		4B9B26D92132BB9B006DE326 /* UIViewController+Extensions.swift */ = {isa = PBXFileReference; fileEncoding = 4; lastKnownFileType = sourcecode.swift; path = "UIViewController+Extensions.swift"; sourceTree = "<group>"; };
		4B9B26DA2132BB9B006DE326 /* UIView+Extensions.swift */ = {isa = PBXFileReference; fileEncoding = 4; lastKnownFileType = sourcecode.swift; path = "UIView+Extensions.swift"; sourceTree = "<group>"; };
		4B9B26DB2132BB9B006DE326 /* Date+Extension.swift */ = {isa = PBXFileReference; fileEncoding = 4; lastKnownFileType = sourcecode.swift; path = "Date+Extension.swift"; sourceTree = "<group>"; };
		4B9B26DC2132BB9B006DE326 /* String+Extensions.swift */ = {isa = PBXFileReference; fileEncoding = 4; lastKnownFileType = sourcecode.swift; path = "String+Extensions.swift"; sourceTree = "<group>"; };
		4B9B26DD2132BB9B006DE326 /* UITextView+Extensions.swift */ = {isa = PBXFileReference; fileEncoding = 4; lastKnownFileType = sourcecode.swift; path = "UITextView+Extensions.swift"; sourceTree = "<group>"; };
		4B9B26DE2132BB9B006DE326 /* UIColor+Extensions.swift */ = {isa = PBXFileReference; fileEncoding = 4; lastKnownFileType = sourcecode.swift; path = "UIColor+Extensions.swift"; sourceTree = "<group>"; };
		4B9B26DF2132BB9B006DE326 /* UIImage+Extensions.swift */ = {isa = PBXFileReference; fileEncoding = 4; lastKnownFileType = sourcecode.swift; path = "UIImage+Extensions.swift"; sourceTree = "<group>"; };
		4B9B26E02132BB9B006DE326 /* UISearchBar+Extensions.swift */ = {isa = PBXFileReference; fileEncoding = 4; lastKnownFileType = sourcecode.swift; path = "UISearchBar+Extensions.swift"; sourceTree = "<group>"; };
		4B9B26E12132BB9B006DE326 /* UIApplication+Extensions.swift */ = {isa = PBXFileReference; fileEncoding = 4; lastKnownFileType = sourcecode.swift; path = "UIApplication+Extensions.swift"; sourceTree = "<group>"; };
		4B9B26E22132BB9B006DE326 /* UIAlertController+Extensions.swift */ = {isa = PBXFileReference; fileEncoding = 4; lastKnownFileType = sourcecode.swift; path = "UIAlertController+Extensions.swift"; sourceTree = "<group>"; };
		4B9B26E32132BB9B006DE326 /* Optional+Extensions.swift */ = {isa = PBXFileReference; fileEncoding = 4; lastKnownFileType = sourcecode.swift; path = "Optional+Extensions.swift"; sourceTree = "<group>"; };
		4B9B26E42132BB9B006DE326 /* Common+Extensions.swift */ = {isa = PBXFileReference; fileEncoding = 4; lastKnownFileType = sourcecode.swift; path = "Common+Extensions.swift"; sourceTree = "<group>"; };
		4B9B26E52132BB9B006DE326 /* Locale+Extensions.swift */ = {isa = PBXFileReference; fileEncoding = 4; lastKnownFileType = sourcecode.swift; path = "Locale+Extensions.swift"; sourceTree = "<group>"; };
		4B9B26E62132BB9B006DE326 /* UITextField+Extensions.swift */ = {isa = PBXFileReference; fileEncoding = 4; lastKnownFileType = sourcecode.swift; path = "UITextField+Extensions.swift"; sourceTree = "<group>"; };
		4B9B26E92132BB9B006DE326 /* AttributedTextBlock.swift */ = {isa = PBXFileReference; fileEncoding = 4; lastKnownFileType = sourcecode.swift; path = AttributedTextBlock.swift; sourceTree = "<group>"; };
		4B9B26EA2132BB9B006DE326 /* TextViewController.swift */ = {isa = PBXFileReference; fileEncoding = 4; lastKnownFileType = sourcecode.swift; path = TextViewController.swift; sourceTree = "<group>"; };
		4B9B26ED2132BB9B006DE326 /* Countries.bundle */ = {isa = PBXFileReference; lastKnownFileType = "wrapper.plug-in"; path = Countries.bundle; sourceTree = "<group>"; };
		4B9B26EF2132BB9B006DE326 /* LocaleStore.swift */ = {isa = PBXFileReference; fileEncoding = 4; lastKnownFileType = sourcecode.swift; path = LocaleStore.swift; sourceTree = "<group>"; };
		4B9B26F12132BB9B006DE326 /* LocaleInfo.swift */ = {isa = PBXFileReference; fileEncoding = 4; lastKnownFileType = sourcecode.swift; path = LocaleInfo.swift; sourceTree = "<group>"; };
		4B9B26F22132BB9B006DE326 /* LocalePickerViewController.swift */ = {isa = PBXFileReference; fileEncoding = 4; lastKnownFileType = sourcecode.swift; path = LocalePickerViewController.swift; sourceTree = "<group>"; };
		4B9B26F42132BB9B006DE326 /* PhoneCodeCell.swift */ = {isa = PBXFileReference; fileEncoding = 4; lastKnownFileType = sourcecode.swift; path = PhoneCodeCell.swift; sourceTree = "<group>"; };
		4B9B26F52132BB9B006DE326 /* CurrencyCell.swift */ = {isa = PBXFileReference; fileEncoding = 4; lastKnownFileType = sourcecode.swift; path = CurrencyCell.swift; sourceTree = "<group>"; };
		4B9B26F62132BB9B006DE326 /* CountryCell.swift */ = {isa = PBXFileReference; fileEncoding = 4; lastKnownFileType = sourcecode.swift; path = CountryCell.swift; sourceTree = "<group>"; };
		4B9B26F82132BB9B006DE326 /* TwoTextFieldsViewController.swift */ = {isa = PBXFileReference; fileEncoding = 4; lastKnownFileType = sourcecode.swift; path = TwoTextFieldsViewController.swift; sourceTree = "<group>"; };
		4B9B26F92132BB9B006DE326 /* OneTextFieldViewController.swift */ = {isa = PBXFileReference; fileEncoding = 4; lastKnownFileType = sourcecode.swift; path = OneTextFieldViewController.swift; sourceTree = "<group>"; };
		4B9B26FC2132BB9B006DE326 /* Assets.swift */ = {isa = PBXFileReference; fileEncoding = 4; lastKnownFileType = sourcecode.swift; path = Assets.swift; sourceTree = "<group>"; };
		4B9B26FD2132BB9B006DE326 /* PhotoLibraryPickerViewController.swift */ = {isa = PBXFileReference; fileEncoding = 4; lastKnownFileType = sourcecode.swift; path = PhotoLibraryPickerViewController.swift; sourceTree = "<group>"; };
		4B9B26FF2132BB9B006DE326 /* LocationSearchResultsViewController.swift */ = {isa = PBXFileReference; fileEncoding = 4; lastKnownFileType = sourcecode.swift; path = LocationSearchResultsViewController.swift; sourceTree = "<group>"; };
		4B9B27002132BB9B006DE326 /* LocationPickerViewController.swift */ = {isa = PBXFileReference; fileEncoding = 4; lastKnownFileType = sourcecode.swift; path = LocationPickerViewController.swift; sourceTree = "<group>"; };
		4B9B27022132BB9B006DE326 /* SearchHistoryManager.swift */ = {isa = PBXFileReference; fileEncoding = 4; lastKnownFileType = sourcecode.swift; path = SearchHistoryManager.swift; sourceTree = "<group>"; };
		4B9B27042132BB9B006DE326 /* Location.swift */ = {isa = PBXFileReference; fileEncoding = 4; lastKnownFileType = sourcecode.swift; path = Location.swift; sourceTree = "<group>"; };
		4B9B27052132BB9B006DE326 /* Address.swift */ = {isa = PBXFileReference; fileEncoding = 4; lastKnownFileType = sourcecode.swift; path = Address.swift; sourceTree = "<group>"; };
		4B9B27072132BB9B006DE326 /* PickerViewViewController.swift */ = {isa = PBXFileReference; fileEncoding = 4; lastKnownFileType = sourcecode.swift; path = PickerViewViewController.swift; sourceTree = "<group>"; };
		4B9B27092132BB9B006DE326 /* ContactsPickerViewController.swift */ = {isa = PBXFileReference; fileEncoding = 4; lastKnownFileType = sourcecode.swift; path = ContactsPickerViewController.swift; sourceTree = "<group>"; };
		4B9B270B2132BB9B006DE326 /* Contacts.swift */ = {isa = PBXFileReference; fileEncoding = 4; lastKnownFileType = sourcecode.swift; path = Contacts.swift; sourceTree = "<group>"; };
		4B9B270D2132BB9B006DE326 /* Contact.swift */ = {isa = PBXFileReference; fileEncoding = 4; lastKnownFileType = sourcecode.swift; path = Contact.swift; sourceTree = "<group>"; };
		4B9B270F2132BB9B006DE326 /* ContactCell.swift */ = {isa = PBXFileReference; fileEncoding = 4; lastKnownFileType = sourcecode.swift; path = ContactCell.swift; sourceTree = "<group>"; };
		4B9B27112132BB9B006DE326 /* ColorPickerViewController.swift */ = {isa = PBXFileReference; fileEncoding = 4; lastKnownFileType = sourcecode.swift; path = ColorPickerViewController.swift; sourceTree = "<group>"; };
		4B9B27132132BB9B006DE326 /* DatePickerViewController.swift */ = {isa = PBXFileReference; fileEncoding = 4; lastKnownFileType = sourcecode.swift; path = DatePickerViewController.swift; sourceTree = "<group>"; };
		4B9B27152132BB9B006DE326 /* ImagePickerViewController.swift */ = {isa = PBXFileReference; fileEncoding = 4; lastKnownFileType = sourcecode.swift; path = ImagePickerViewController.swift; sourceTree = "<group>"; };
		4B9B27172132BB9B006DE326 /* ItemWithImage.swift */ = {isa = PBXFileReference; fileEncoding = 4; lastKnownFileType = sourcecode.swift; path = ItemWithImage.swift; sourceTree = "<group>"; };
		4B9B271A2132BB9B006DE326 /* PhotoLayout.swift */ = {isa = PBXFileReference; fileEncoding = 4; lastKnownFileType = sourcecode.swift; path = PhotoLayout.swift; sourceTree = "<group>"; };
		4B9B271B2132BB9B006DE326 /* TelegramPickerViewController.swift */ = {isa = PBXFileReference; fileEncoding = 4; lastKnownFileType = sourcecode.swift; path = TelegramPickerViewController.swift; sourceTree = "<group>"; };
		4B9B271D2132BB9B006DE326 /* ItemWithPhoto.swift */ = {isa = PBXFileReference; fileEncoding = 4; lastKnownFileType = sourcecode.swift; path = ItemWithPhoto.swift; sourceTree = "<group>"; };
		4B9B271E2132BB9B006DE326 /* LikeButtonCell.swift */ = {isa = PBXFileReference; fileEncoding = 4; lastKnownFileType = sourcecode.swift; path = LikeButtonCell.swift; sourceTree = "<group>"; };
		4B9B27202132BB9B006DE326 /* Label.swift */ = {isa = PBXFileReference; fileEncoding = 4; lastKnownFileType = sourcecode.swift; path = Label.swift; sourceTree = "<group>"; };
		4B9B27212132BB9B006DE326 /* SegmentedControl.swift */ = {isa = PBXFileReference; fileEncoding = 4; lastKnownFileType = sourcecode.swift; path = SegmentedControl.swift; sourceTree = "<group>"; };
		4B9B27222132BB9B006DE326 /* GradientSlider.swift */ = {isa = PBXFileReference; fileEncoding = 4; lastKnownFileType = sourcecode.swift; path = GradientSlider.swift; sourceTree = "<group>"; };
		4B9B27232132BB9B006DE326 /* TextField.swift */ = {isa = PBXFileReference; fileEncoding = 4; lastKnownFileType = sourcecode.swift; path = TextField.swift; sourceTree = "<group>"; };
		4B9B27242132BB9B006DE326 /* Button.swift */ = {isa = PBXFileReference; fileEncoding = 4; lastKnownFileType = sourcecode.swift; path = Button.swift; sourceTree = "<group>"; };
		4BA6EAA021316D15007612AD /* NavigationManager.swift */ = {isa = PBXFileReference; lastKnownFileType = sourcecode.swift; path = NavigationManager.swift; sourceTree = "<group>"; };
		4BA6EAA221316D7E007612AD /* PopAnimator.swift */ = {isa = PBXFileReference; lastKnownFileType = sourcecode.swift; path = PopAnimator.swift; sourceTree = "<group>"; };
		4BA6EAA421316D89007612AD /* PushAnimator.swift */ = {isa = PBXFileReference; lastKnownFileType = sourcecode.swift; path = PushAnimator.swift; sourceTree = "<group>"; };
		4BA6EAA621316DA6007612AD /* SnapShotView.swift */ = {isa = PBXFileReference; lastKnownFileType = sourcecode.swift; path = SnapShotView.swift; sourceTree = "<group>"; };
		4BA6EAAA213170A2007612AD /* extensionUICollectionView.swift */ = {isa = PBXFileReference; lastKnownFileType = sourcecode.swift; path = extensionUICollectionView.swift; sourceTree = "<group>"; };
		4BA6EAAC2131721D007612AD /* extensionUIViewController.swift */ = {isa = PBXFileReference; lastKnownFileType = sourcecode.swift; path = extensionUIViewController.swift; sourceTree = "<group>"; };
		4BA6EAAE21317236007612AD /* extensionUIView.swift */ = {isa = PBXFileReference; lastKnownFileType = sourcecode.swift; path = extensionUIView.swift; sourceTree = "<group>"; };
		4BAE873B1FAAA933007A0ED7 /* SearchResultsController.swift */ = {isa = PBXFileReference; lastKnownFileType = sourcecode.swift; path = SearchResultsController.swift; sourceTree = "<group>"; };
		4BAE873F1FAAB8D2007A0ED7 /* SearchResultsCell.swift */ = {isa = PBXFileReference; lastKnownFileType = sourcecode.swift; path = SearchResultsCell.swift; sourceTree = "<group>"; };
		4BB34C2B1FDA73F400382A11 /* AddNewController.swift */ = {isa = PBXFileReference; fileEncoding = 4; lastKnownFileType = sourcecode.swift; path = AddNewController.swift; sourceTree = "<group>"; };
		4BC00A6E213235FF00130BC5 /* TabViewController.swift */ = {isa = PBXFileReference; lastKnownFileType = sourcecode.swift; path = TabViewController.swift; sourceTree = "<group>"; };
		4BC00A702132371B00130BC5 /* CommonTabView.xib */ = {isa = PBXFileReference; lastKnownFileType = file.xib; path = CommonTabView.xib; sourceTree = "<group>"; };
		4BE462D71F9AA6B000E593C9 /* MainViewController.swift */ = {isa = PBXFileReference; lastKnownFileType = sourcecode.swift; path = MainViewController.swift; sourceTree = "<group>"; };
		4BF6C338213192C50041B4DC /* Router.swift */ = {isa = PBXFileReference; lastKnownFileType = sourcecode.swift; path = Router.swift; sourceTree = "<group>"; };
		6CC18B5FEF1A916FCD57201E /* Pods-FinalStackProject.debug.xcconfig */ = {isa = PBXFileReference; includeInIndex = 1; lastKnownFileType = text.xcconfig; name = "Pods-FinalStackProject.debug.xcconfig"; path = "Pods/Target Support Files/Pods-FinalStackProject/Pods-FinalStackProject.debug.xcconfig"; sourceTree = "<group>"; };
		DD7267931FB41A1400514E72 /* CustomStackCell.swift */ = {isa = PBXFileReference; lastKnownFileType = sourcecode.swift; path = CustomStackCell.swift; sourceTree = "<group>"; };
		DD7267951FB41CA500514E72 /* ListMainController.swift */ = {isa = PBXFileReference; lastKnownFileType = sourcecode.swift; path = ListMainController.swift; sourceTree = "<group>"; };
		DD81676B1F96E8FE00A80891 /* FinalStackProject.app */ = {isa = PBXFileReference; explicitFileType = wrapper.application; includeInIndex = 0; path = FinalStackProject.app; sourceTree = BUILT_PRODUCTS_DIR; };
		DD81676E1F96E8FE00A80891 /* AppDelegate.swift */ = {isa = PBXFileReference; lastKnownFileType = sourcecode.swift; path = AppDelegate.swift; sourceTree = "<group>"; };
		DD8167731F96E8FE00A80891 /* Base */ = {isa = PBXFileReference; lastKnownFileType = file.storyboard; name = Base; path = Base.lproj/Main.storyboard; sourceTree = "<group>"; };
		DD81677A1F96E8FE00A80891 /* Info.plist */ = {isa = PBXFileReference; lastKnownFileType = text.plist.xml; path = Info.plist; sourceTree = "<group>"; };
		DD8167871F96ECA000A80891 /* Assets.xcassets */ = {isa = PBXFileReference; lastKnownFileType = folder.assetcatalog; path = Assets.xcassets; sourceTree = "<group>"; };
		DD8167921F97014400A80891 /* CustomTextField.swift */ = {isa = PBXFileReference; lastKnownFileType = sourcecode.swift; path = CustomTextField.swift; sourceTree = "<group>"; };
		DD8167991F97351100A80891 /* GlobalState.swift */ = {isa = PBXFileReference; lastKnownFileType = sourcecode.swift; path = GlobalState.swift; sourceTree = "<group>"; };
		DDB290E51F9DB23B005E438D /* HandlingErrorVC.swift */ = {isa = PBXFileReference; lastKnownFileType = sourcecode.swift; path = HandlingErrorVC.swift; sourceTree = "<group>"; };
		DDEE84C71F99CD20002CDB03 /* ExploreController.swift */ = {isa = PBXFileReference; lastKnownFileType = sourcecode.swift; path = ExploreController.swift; sourceTree = "<group>"; };
		E737C49BE85561C3F4BC5B0C /* Pods_FinalStackProject.framework */ = {isa = PBXFileReference; explicitFileType = wrapper.framework; includeInIndex = 0; path = Pods_FinalStackProject.framework; sourceTree = BUILT_PRODUCTS_DIR; };
/* End PBXFileReference section */

/* Begin PBXFrameworksBuildPhase section */
		DD8167681F96E8FE00A80891 /* Frameworks */ = {
			isa = PBXFrameworksBuildPhase;
			buildActionMask = 2147483647;
			files = (
				5CF76A8C73B2D6E2E4902C54 /* Pods_FinalStackProject.framework in Frameworks */,
			);
			runOnlyForDeploymentPostprocessing = 0;
		};
/* End PBXFrameworksBuildPhase section */

/* Begin PBXGroup section */
		1C162468CB99336EC4C8154B /* Frameworks */ = {
			isa = PBXGroup;
			children = (
				E737C49BE85561C3F4BC5B0C /* Pods_FinalStackProject.framework */,
			);
			name = Frameworks;
			sourceTree = "<group>";
		};
		4B3BA2ED1FB33A720033E061 /* ArchivedSources */ = {
			isa = PBXGroup;
			children = (
				DDB290E51F9DB23B005E438D /* HandlingErrorVC.swift */,
				DD8167921F97014400A80891 /* CustomTextField.swift */,
				4B3BA2EB1FB33A640033E061 /* CalendarView.swift */,
			);
			path = ArchivedSources;
			sourceTree = "<group>";
		};
		4B3BA3091FB483070033E061 /* 00_Main */ = {
			isa = PBXGroup;
			children = (
				4BE462D71F9AA6B000E593C9 /* MainViewController.swift */,
				4BC00A6E213235FF00130BC5 /* TabViewController.swift */,
				4BC00A702132371B00130BC5 /* CommonTabView.xib */,
			);
			path = 00_Main;
			sourceTree = "<group>";
		};
		4B769A811FDA8E0700F43BBC /* Model */ = {
			isa = PBXGroup;
			children = (
				4B3BA3071FB481BB0033E061 /* Stack.swift */,
				4B3CBB511FB5120E00E7CA84 /* Explore.swift */,
				4B72C2B01F9A09320045EC9E /* Setting.swift */,
			);
			path = Model;
			sourceTree = "<group>";
		};
		4B9B26D42132BB9B006DE326 /* Picker */ = {
			isa = PBXGroup;
			children = (
				4B9B26D52132BB9B006DE326 /* Extensions */,
				4B9B26E72132BB9B006DE326 /* Viewers */,
				4B9B26EB2132BB9B006DE326 /* Pickers */,
				4B9B271F2132BB9B006DE326 /* Views */,
			);
			path = Picker;
			sourceTree = "<group>";
		};
		4B9B26D52132BB9B006DE326 /* Extensions */ = {
			isa = PBXGroup;
			children = (
				4B9B26D62132BB9B006DE326 /* Array+Extensions.swift */,
				4B9B26D72132BB9B006DE326 /* UISegmentedControl+Extensions.swift */,
				4B9B26D82132BB9B006DE326 /* UIImageView+Extensions.swift */,
				4B9B26D92132BB9B006DE326 /* UIViewController+Extensions.swift */,
				4B9B26DA2132BB9B006DE326 /* UIView+Extensions.swift */,
				4B9B26DB2132BB9B006DE326 /* Date+Extension.swift */,
				4B9B26DC2132BB9B006DE326 /* String+Extensions.swift */,
				4B9B26DD2132BB9B006DE326 /* UITextView+Extensions.swift */,
				4B9B26DE2132BB9B006DE326 /* UIColor+Extensions.swift */,
				4B9B26DF2132BB9B006DE326 /* UIImage+Extensions.swift */,
				4B9B26E02132BB9B006DE326 /* UISearchBar+Extensions.swift */,
				4B9B26E12132BB9B006DE326 /* UIApplication+Extensions.swift */,
				4B9B26E22132BB9B006DE326 /* UIAlertController+Extensions.swift */,
				4B9B26E32132BB9B006DE326 /* Optional+Extensions.swift */,
				4B9B26E42132BB9B006DE326 /* Common+Extensions.swift */,
				4B9B26E52132BB9B006DE326 /* Locale+Extensions.swift */,
				4B9B26E62132BB9B006DE326 /* UITextField+Extensions.swift */,
			);
			path = Extensions;
			sourceTree = "<group>";
		};
		4B9B26E72132BB9B006DE326 /* Viewers */ = {
			isa = PBXGroup;
			children = (
				4B9B26E82132BB9B006DE326 /* Models */,
				4B9B26EA2132BB9B006DE326 /* TextViewController.swift */,
			);
			path = Viewers;
			sourceTree = "<group>";
		};
		4B9B26E82132BB9B006DE326 /* Models */ = {
			isa = PBXGroup;
			children = (
				4B9B26E92132BB9B006DE326 /* AttributedTextBlock.swift */,
			);
			path = Models;
			sourceTree = "<group>";
		};
		4B9B26EB2132BB9B006DE326 /* Pickers */ = {
			isa = PBXGroup;
			children = (
				4B9B26EC2132BB9B006DE326 /* Locale */,
				4B9B26F72132BB9B006DE326 /* TextFields */,
				4B9B26FA2132BB9B006DE326 /* PhotoLibrary */,
				4B9B26FE2132BB9B006DE326 /* Location */,
				4B9B27062132BB9B006DE326 /* PickerView */,
				4B9B27082132BB9B006DE326 /* Contacts */,
				4B9B27102132BB9B006DE326 /* Color */,
				4B9B27122132BB9B006DE326 /* Date */,
				4B9B27142132BB9B006DE326 /* Image */,
				4B9B27182132BB9B006DE326 /* Telegram */,
			);
			path = Pickers;
			sourceTree = "<group>";
		};
		4B9B26EC2132BB9B006DE326 /* Locale */ = {
			isa = PBXGroup;
			children = (
				4B9B26ED2132BB9B006DE326 /* Countries.bundle */,
				4B9B26EE2132BB9B006DE326 /* Managers */,
				4B9B26F02132BB9B006DE326 /* Models */,
				4B9B26F22132BB9B006DE326 /* LocalePickerViewController.swift */,
				4B9B26F32132BB9B006DE326 /* Views */,
			);
			path = Locale;
			sourceTree = "<group>";
		};
		4B9B26EE2132BB9B006DE326 /* Managers */ = {
			isa = PBXGroup;
			children = (
				4B9B26EF2132BB9B006DE326 /* LocaleStore.swift */,
			);
			path = Managers;
			sourceTree = "<group>";
		};
		4B9B26F02132BB9B006DE326 /* Models */ = {
			isa = PBXGroup;
			children = (
				4B9B26F12132BB9B006DE326 /* LocaleInfo.swift */,
			);
			path = Models;
			sourceTree = "<group>";
		};
		4B9B26F32132BB9B006DE326 /* Views */ = {
			isa = PBXGroup;
			children = (
				4B9B26F42132BB9B006DE326 /* PhoneCodeCell.swift */,
				4B9B26F52132BB9B006DE326 /* CurrencyCell.swift */,
				4B9B26F62132BB9B006DE326 /* CountryCell.swift */,
			);
			path = Views;
			sourceTree = "<group>";
		};
		4B9B26F72132BB9B006DE326 /* TextFields */ = {
			isa = PBXGroup;
			children = (
				4B9B26F82132BB9B006DE326 /* TwoTextFieldsViewController.swift */,
				4B9B26F92132BB9B006DE326 /* OneTextFieldViewController.swift */,
			);
			path = TextFields;
			sourceTree = "<group>";
		};
		4B9B26FA2132BB9B006DE326 /* PhotoLibrary */ = {
			isa = PBXGroup;
			children = (
				4B9B26FB2132BB9B006DE326 /* Managers */,
				4B9B26FD2132BB9B006DE326 /* PhotoLibraryPickerViewController.swift */,
			);
			path = PhotoLibrary;
			sourceTree = "<group>";
		};
		4B9B26FB2132BB9B006DE326 /* Managers */ = {
			isa = PBXGroup;
			children = (
				4B9B26FC2132BB9B006DE326 /* Assets.swift */,
			);
			path = Managers;
			sourceTree = "<group>";
		};
		4B9B26FE2132BB9B006DE326 /* Location */ = {
			isa = PBXGroup;
			children = (
				4B9B26FF2132BB9B006DE326 /* LocationSearchResultsViewController.swift */,
				4B9B27002132BB9B006DE326 /* LocationPickerViewController.swift */,
				4B9B27012132BB9B006DE326 /* Managers */,
				4B9B27032132BB9B006DE326 /* Models */,
			);
			path = Location;
			sourceTree = "<group>";
		};
		4B9B27012132BB9B006DE326 /* Managers */ = {
			isa = PBXGroup;
			children = (
				4B9B27022132BB9B006DE326 /* SearchHistoryManager.swift */,
			);
			path = Managers;
			sourceTree = "<group>";
		};
		4B9B27032132BB9B006DE326 /* Models */ = {
			isa = PBXGroup;
			children = (
				4B9B27042132BB9B006DE326 /* Location.swift */,
				4B9B27052132BB9B006DE326 /* Address.swift */,
			);
			path = Models;
			sourceTree = "<group>";
		};
		4B9B27062132BB9B006DE326 /* PickerView */ = {
			isa = PBXGroup;
			children = (
				4B9B27072132BB9B006DE326 /* PickerViewViewController.swift */,
			);
			path = PickerView;
			sourceTree = "<group>";
		};
		4B9B27082132BB9B006DE326 /* Contacts */ = {
			isa = PBXGroup;
			children = (
				4B9B27092132BB9B006DE326 /* ContactsPickerViewController.swift */,
				4B9B270A2132BB9B006DE326 /* Managers */,
				4B9B270C2132BB9B006DE326 /* Models */,
				4B9B270E2132BB9B006DE326 /* Views */,
			);
			path = Contacts;
			sourceTree = "<group>";
		};
		4B9B270A2132BB9B006DE326 /* Managers */ = {
			isa = PBXGroup;
			children = (
				4B9B270B2132BB9B006DE326 /* Contacts.swift */,
			);
			path = Managers;
			sourceTree = "<group>";
		};
		4B9B270C2132BB9B006DE326 /* Models */ = {
			isa = PBXGroup;
			children = (
				4B9B270D2132BB9B006DE326 /* Contact.swift */,
			);
			path = Models;
			sourceTree = "<group>";
		};
		4B9B270E2132BB9B006DE326 /* Views */ = {
			isa = PBXGroup;
			children = (
				4B9B270F2132BB9B006DE326 /* ContactCell.swift */,
			);
			path = Views;
			sourceTree = "<group>";
		};
		4B9B27102132BB9B006DE326 /* Color */ = {
			isa = PBXGroup;
			children = (
				4B9B27112132BB9B006DE326 /* ColorPickerViewController.swift */,
			);
			path = Color;
			sourceTree = "<group>";
		};
		4B9B27122132BB9B006DE326 /* Date */ = {
			isa = PBXGroup;
			children = (
				4B9B27132132BB9B006DE326 /* DatePickerViewController.swift */,
			);
			path = Date;
			sourceTree = "<group>";
		};
		4B9B27142132BB9B006DE326 /* Image */ = {
			isa = PBXGroup;
			children = (
				4B9B27152132BB9B006DE326 /* ImagePickerViewController.swift */,
				4B9B27162132BB9B006DE326 /* Views */,
			);
			path = Image;
			sourceTree = "<group>";
		};
		4B9B27162132BB9B006DE326 /* Views */ = {
			isa = PBXGroup;
			children = (
				4B9B27172132BB9B006DE326 /* ItemWithImage.swift */,
			);
			path = Views;
			sourceTree = "<group>";
		};
		4B9B27182132BB9B006DE326 /* Telegram */ = {
			isa = PBXGroup;
			children = (
				4B9B27192132BB9B006DE326 /* Layouts */,
				4B9B271B2132BB9B006DE326 /* TelegramPickerViewController.swift */,
				4B9B271C2132BB9B006DE326 /* Views */,
			);
			path = Telegram;
			sourceTree = "<group>";
		};
		4B9B27192132BB9B006DE326 /* Layouts */ = {
			isa = PBXGroup;
			children = (
				4B9B271A2132BB9B006DE326 /* PhotoLayout.swift */,
			);
			path = Layouts;
			sourceTree = "<group>";
		};
		4B9B271C2132BB9B006DE326 /* Views */ = {
			isa = PBXGroup;
			children = (
				4B9B271D2132BB9B006DE326 /* ItemWithPhoto.swift */,
				4B9B271E2132BB9B006DE326 /* LikeButtonCell.swift */,
			);
			path = Views;
			sourceTree = "<group>";
		};
		4B9B271F2132BB9B006DE326 /* Views */ = {
			isa = PBXGroup;
			children = (
				4B9B27202132BB9B006DE326 /* Label.swift */,
				4B9B27212132BB9B006DE326 /* SegmentedControl.swift */,
				4B9B27222132BB9B006DE326 /* GradientSlider.swift */,
				4B9B27232132BB9B006DE326 /* TextField.swift */,
				4B9B27242132BB9B006DE326 /* Button.swift */,
			);
			path = Views;
			sourceTree = "<group>";
		};
		B601B273676844D427944C3B /* Pods */ = {
			isa = PBXGroup;
			children = (
				6CC18B5FEF1A916FCD57201E /* Pods-FinalStackProject.debug.xcconfig */,
				245228E337F3A6732A2B78E1 /* Pods-FinalStackProject.release.xcconfig */,
			);
			name = Pods;
			sourceTree = "<group>";
		};
		DD72677F1FB3E7CF00514E72 /* 02_StackList */ = {
			isa = PBXGroup;
			children = (
				DD7267931FB41A1400514E72 /* CustomStackCell.swift */,
				DD7267951FB41CA500514E72 /* ListMainController.swift */,
			);
			path = 02_StackList;
			sourceTree = "<group>";
		};
		DD8167621F96E8FE00A80891 = {
			isa = PBXGroup;
			children = (
				DD81676D1F96E8FE00A80891 /* FinalStackProject */,
				DD81676C1F96E8FE00A80891 /* Products */,
				B601B273676844D427944C3B /* Pods */,
				1C162468CB99336EC4C8154B /* Frameworks */,
			);
			sourceTree = "<group>";
		};
		DD81676C1F96E8FE00A80891 /* Products */ = {
			isa = PBXGroup;
			children = (
				DD81676B1F96E8FE00A80891 /* FinalStackProject.app */,
			);
			name = Products;
			sourceTree = "<group>";
		};
		DD81676D1F96E8FE00A80891 /* FinalStackProject */ = {
			isa = PBXGroup;
			children = (
				DD81677A1F96E8FE00A80891 /* Info.plist */,
				4B4526441FDA8B9D00479802 /* GoogleService-Info.plist */,
				DD81676E1F96E8FE00A80891 /* AppDelegate.swift */,
				4BA6EAA021316D15007612AD /* NavigationManager.swift */,
				4BA6EAA221316D7E007612AD /* PopAnimator.swift */,
				4BA6EAA421316D89007612AD /* PushAnimator.swift */,
				4BA6EAA621316DA6007612AD /* SnapShotView.swift */,
				4BF6C338213192C50041B4DC /* Router.swift */,
				DD8167821F96E92500A80891 /* Resources */,
				DD81679B1F97351D00A80891 /* DataSource */,
				4B3BA3091FB483070033E061 /* 00_Main */,
				DD8167811F96E91700A80891 /* 01_Explore */,
				DD72677F1FB3E7CF00514E72 /* 02_StackList */,
				DDD146DF1F9ED5CC00709FF5 /* 03_CalendarList */,
				4B3BA2ED1FB33A720033E061 /* ArchivedSources */,
			);
			path = FinalStackProject;
			sourceTree = "<group>";
		};
		DD8167811F96E91700A80891 /* 01_Explore */ = {
			isa = PBXGroup;
			children = (
				DDEE84C71F99CD20002CDB03 /* ExploreController.swift */,
				4BAE873B1FAAA933007A0ED7 /* SearchResultsController.swift */,
				4BAE873F1FAAB8D2007A0ED7 /* SearchResultsCell.swift */,
				4BB34C2B1FDA73F400382A11 /* AddNewController.swift */,
			);
			path = 01_Explore;
			sourceTree = "<group>";
		};
		DD8167821F96E92500A80891 /* Resources */ = {
			isa = PBXGroup;
			children = (
				4B9B26D42132BB9B006DE326 /* Picker */,
				DD8167721F96E8FE00A80891 /* Main.storyboard */,
				DD8167871F96ECA000A80891 /* Assets.xcassets */,
				4BA6EAAA213170A2007612AD /* extensionUICollectionView.swift */,
				4BA6EAAC2131721D007612AD /* extensionUIViewController.swift */,
				4BA6EAAE21317236007612AD /* extensionUIView.swift */,
				4B9039E11FD6436E008813EF /* Extensions.swift */,
			);
			path = Resources;
			sourceTree = "<group>";
		};
		DD81679B1F97351D00A80891 /* DataSource */ = {
			isa = PBXGroup;
			children = (
				4B769A7D1FDA8DCF00F43BBC /* App.swift */,
				4B769A811FDA8E0700F43BBC /* Model */,
				DD8167991F97351100A80891 /* GlobalState.swift */,
				4B769A7F1FDA8DFE00F43BBC /* FirebaseAPI.swift */,
			);
			path = DataSource;
			sourceTree = "<group>";
		};
		DDD146DF1F9ED5CC00709FF5 /* 03_CalendarList */ = {
			isa = PBXGroup;
			children = (
				4B51043C1FE0F8F7001141C6 /* CalendarListController.swift */,
			);
			path = 03_CalendarList;
			sourceTree = "<group>";
		};
/* End PBXGroup section */

/* Begin PBXNativeTarget section */
		DD81676A1F96E8FE00A80891 /* FinalStackProject */ = {
			isa = PBXNativeTarget;
			buildConfigurationList = DD81677D1F96E8FE00A80891 /* Build configuration list for PBXNativeTarget "FinalStackProject" */;
			buildPhases = (
				1F733CAF398286CE6067649F /* [CP] Check Pods Manifest.lock */,
				DD8167671F96E8FE00A80891 /* Sources */,
				DD8167681F96E8FE00A80891 /* Frameworks */,
				DD8167691F96E8FE00A80891 /* Resources */,
				D19168E3FD756FDC45D479C7 /* [CP] Embed Pods Frameworks */,
			);
			buildRules = (
			);
			dependencies = (
			);
			name = FinalStackProject;
			productName = 1018_Fanxy;
			productReference = DD81676B1F96E8FE00A80891 /* FinalStackProject.app */;
			productType = "com.apple.product-type.application";
		};
/* End PBXNativeTarget section */

/* Begin PBXProject section */
		DD8167631F96E8FE00A80891 /* Project object */ = {
			isa = PBXProject;
			attributes = {
				LastSwiftUpdateCheck = 0900;
				LastUpgradeCheck = 1000;
				ORGANIZATIONNAME = younari;
				TargetAttributes = {
					DD81676A1F96E8FE00A80891 = {
						CreatedOnToolsVersion = 9.0.1;
						ProvisioningStyle = Automatic;
					};
				};
			};
			buildConfigurationList = DD8167661F96E8FE00A80891 /* Build configuration list for PBXProject "FinalStackProject" */;
			compatibilityVersion = "Xcode 8.0";
			developmentRegion = en;
			hasScannedForEncodings = 0;
			knownRegions = (
				en,
				Base,
			);
			mainGroup = DD8167621F96E8FE00A80891;
			productRefGroup = DD81676C1F96E8FE00A80891 /* Products */;
			projectDirPath = "";
			projectRoot = "";
			targets = (
				DD81676A1F96E8FE00A80891 /* FinalStackProject */,
			);
		};
/* End PBXProject section */

/* Begin PBXResourcesBuildPhase section */
		DD8167691F96E8FE00A80891 /* Resources */ = {
			isa = PBXResourcesBuildPhase;
			buildActionMask = 2147483647;
			files = (
				4BC00A712132371B00130BC5 /* CommonTabView.xib in Resources */,
				4B9B27382132BB9B006DE326 /* Countries.bundle in Resources */,
				DD8167881F96ECA000A80891 /* Assets.xcassets in Resources */,
				4B4526451FDA8B9D00479802 /* GoogleService-Info.plist in Resources */,
				DD8167741F96E8FE00A80891 /* Main.storyboard in Resources */,
			);
			runOnlyForDeploymentPostprocessing = 0;
		};
/* End PBXResourcesBuildPhase section */

/* Begin PBXShellScriptBuildPhase section */
		1F733CAF398286CE6067649F /* [CP] Check Pods Manifest.lock */ = {
			isa = PBXShellScriptBuildPhase;
			buildActionMask = 2147483647;
			files = (
			);
			inputPaths = (
				"${PODS_PODFILE_DIR_PATH}/Podfile.lock",
				"${PODS_ROOT}/Manifest.lock",
			);
			name = "[CP] Check Pods Manifest.lock";
			outputPaths = (
				"$(DERIVED_FILE_DIR)/Pods-FinalStackProject-checkManifestLockResult.txt",
			);
			runOnlyForDeploymentPostprocessing = 0;
			shellPath = /bin/sh;
			shellScript = "diff \"${PODS_PODFILE_DIR_PATH}/Podfile.lock\" \"${PODS_ROOT}/Manifest.lock\" > /dev/null\nif [ $? != 0 ] ; then\n    # print error to STDERR\n    echo \"error: The sandbox is not in sync with the Podfile.lock. Run 'pod install' or update your CocoaPods installation.\" >&2\n    exit 1\nfi\n# This output is used by Xcode 'outputs' to avoid re-running this script phase.\necho \"SUCCESS\" > \"${SCRIPT_OUTPUT_FILE_0}\"\n";
			showEnvVarsInLog = 0;
		};
		D19168E3FD756FDC45D479C7 /* [CP] Embed Pods Frameworks */ = {
			isa = PBXShellScriptBuildPhase;
			buildActionMask = 2147483647;
			files = (
			);
			inputPaths = (
				"${SRCROOT}/Pods/Target Support Files/Pods-FinalStackProject/Pods-FinalStackProject-frameworks.sh",
				"${BUILT_PRODUCTS_DIR}/CVCalendar/CVCalendar.framework",
				"${BUILT_PRODUCTS_DIR}/GTMSessionFetcher/GTMSessionFetcher.framework",
				"${BUILT_PRODUCTS_DIR}/GoogleUtilities/GoogleUtilities.framework",
				"${BUILT_PRODUCTS_DIR}/Kingfisher/Kingfisher.framework",
				"${BUILT_PRODUCTS_DIR}/leveldb-library/leveldb.framework",
				"${BUILT_PRODUCTS_DIR}/nanopb/nanopb.framework",
			);
			name = "[CP] Embed Pods Frameworks";
			outputPaths = (
				"${TARGET_BUILD_DIR}/${FRAMEWORKS_FOLDER_PATH}/CVCalendar.framework",
				"${TARGET_BUILD_DIR}/${FRAMEWORKS_FOLDER_PATH}/GTMSessionFetcher.framework",
				"${TARGET_BUILD_DIR}/${FRAMEWORKS_FOLDER_PATH}/GoogleUtilities.framework",
				"${TARGET_BUILD_DIR}/${FRAMEWORKS_FOLDER_PATH}/Kingfisher.framework",
				"${TARGET_BUILD_DIR}/${FRAMEWORKS_FOLDER_PATH}/leveldb.framework",
				"${TARGET_BUILD_DIR}/${FRAMEWORKS_FOLDER_PATH}/nanopb.framework",
			);
			runOnlyForDeploymentPostprocessing = 0;
			shellPath = /bin/sh;
			shellScript = "\"${SRCROOT}/Pods/Target Support Files/Pods-FinalStackProject/Pods-FinalStackProject-frameworks.sh\"\n";
			showEnvVarsInLog = 0;
		};
/* End PBXShellScriptBuildPhase section */

/* Begin PBXSourcesBuildPhase section */
		DD8167671F96E8FE00A80891 /* Sources */ = {
			isa = PBXSourcesBuildPhase;
			buildActionMask = 2147483647;
			files = (
				4B9B273D2132BB9B006DE326 /* CurrencyCell.swift in Sources */,
				4B9B27502132BB9B006DE326 /* ItemWithImage.swift in Sources */,
				4B9B27562132BB9B006DE326 /* SegmentedControl.swift in Sources */,
				4B9B274C2132BB9B006DE326 /* ContactCell.swift in Sources */,
				4BAE87401FAAB8D2007A0ED7 /* SearchResultsCell.swift in Sources */,
				4B9B272D2132BB9B006DE326 /* UIColor+Extensions.swift in Sources */,
				4B9B27362132BB9B006DE326 /* AttributedTextBlock.swift in Sources */,
				4B9B27452132BB9B006DE326 /* SearchHistoryManager.swift in Sources */,
				4B9B274F2132BB9B006DE326 /* ImagePickerViewController.swift in Sources */,
				4B3CBB521FB5120E00E7CA84 /* Explore.swift in Sources */,
				4B9B27572132BB9B006DE326 /* GradientSlider.swift in Sources */,
				4B9B274B2132BB9B006DE326 /* Contact.swift in Sources */,
				4B9B27262132BB9B006DE326 /* UISegmentedControl+Extensions.swift in Sources */,
				4B9B27252132BB9B006DE326 /* Array+Extensions.swift in Sources */,
				4B3BA2EC1FB33A640033E061 /* CalendarView.swift in Sources */,
				4BA6EAA521316D89007612AD /* PushAnimator.swift in Sources */,
				DD8167931F97014400A80891 /* CustomTextField.swift in Sources */,
				4BA6EAAB213170A2007612AD /* extensionUICollectionView.swift in Sources */,
				4B769A801FDA8DFE00F43BBC /* FirebaseAPI.swift in Sources */,
				4B9B272A2132BB9B006DE326 /* Date+Extension.swift in Sources */,
				4BB34C2C1FDA73F500382A11 /* AddNewController.swift in Sources */,
				DDB290E61F9DB23B005E438D /* HandlingErrorVC.swift in Sources */,
				4B9B27462132BB9B006DE326 /* Location.swift in Sources */,
				4B9B273E2132BB9B006DE326 /* CountryCell.swift in Sources */,
				4B9B274E2132BB9B006DE326 /* DatePickerViewController.swift in Sources */,
				4BA6EAAF21317236007612AD /* extensionUIView.swift in Sources */,
				4B9B27272132BB9B006DE326 /* UIImageView+Extensions.swift in Sources */,
				4B9B27482132BB9B006DE326 /* PickerViewViewController.swift in Sources */,
				4BA6EAA721316DA6007612AD /* SnapShotView.swift in Sources */,
				4B9B272B2132BB9B006DE326 /* String+Extensions.swift in Sources */,
				4B9B27582132BB9B006DE326 /* TextField.swift in Sources */,
				4B9B273B2132BB9B006DE326 /* LocalePickerViewController.swift in Sources */,
				4B9B274D2132BB9B006DE326 /* ColorPickerViewController.swift in Sources */,
				4BA6EAA121316D15007612AD /* NavigationManager.swift in Sources */,
				4B3BA3081FB481BB0033E061 /* Stack.swift in Sources */,
				4B9B27592132BB9B006DE326 /* Button.swift in Sources */,
				4B9B27402132BB9B006DE326 /* OneTextFieldViewController.swift in Sources */,
				4B9B27472132BB9B006DE326 /* Address.swift in Sources */,
				4BC00A6F213235FF00130BC5 /* TabViewController.swift in Sources */,
				4B9B272C2132BB9B006DE326 /* UITextView+Extensions.swift in Sources */,
				4B9B27512132BB9B006DE326 /* PhotoLayout.swift in Sources */,
				4B769A7E1FDA8DCF00F43BBC /* App.swift in Sources */,
				4B9B27312132BB9B006DE326 /* UIAlertController+Extensions.swift in Sources */,
				DD7267961FB41CA500514E72 /* ListMainController.swift in Sources */,
				4B9B27392132BB9B006DE326 /* LocaleStore.swift in Sources */,
				4B9B274A2132BB9B006DE326 /* Contacts.swift in Sources */,
				4B9B27372132BB9B006DE326 /* TextViewController.swift in Sources */,
				DDEE84C81F99CD20002CDB03 /* ExploreController.swift in Sources */,
				DD7267941FB41A1400514E72 /* CustomStackCell.swift in Sources */,
				4B9B27532132BB9B006DE326 /* ItemWithPhoto.swift in Sources */,
				4B9B27522132BB9B006DE326 /* TelegramPickerViewController.swift in Sources */,
				4B9B27292132BB9B006DE326 /* UIView+Extensions.swift in Sources */,
				4B51043D1FE0F8F7001141C6 /* CalendarListController.swift in Sources */,
				4B9B27332132BB9B006DE326 /* Common+Extensions.swift in Sources */,
				4B9B273C2132BB9B006DE326 /* PhoneCodeCell.swift in Sources */,
				DD81679A1F97351100A80891 /* GlobalState.swift in Sources */,
				4BF6C339213192C50041B4DC /* Router.swift in Sources */,
				4B72C2B11F9A09320045EC9E /* Setting.swift in Sources */,
				4B9B27422132BB9B006DE326 /* PhotoLibraryPickerViewController.swift in Sources */,
				4B9B273F2132BB9B006DE326 /* TwoTextFieldsViewController.swift in Sources */,
				4B9B27302132BB9B006DE326 /* UIApplication+Extensions.swift in Sources */,
				4B9B27352132BB9B006DE326 /* UITextField+Extensions.swift in Sources */,
				4B9B273A2132BB9B006DE326 /* LocaleInfo.swift in Sources */,
				4B9B272F2132BB9B006DE326 /* UISearchBar+Extensions.swift in Sources */,
				4BE462D81F9AA6B000E593C9 /* MainViewController.swift in Sources */,
				4B9B27442132BB9B006DE326 /* LocationPickerViewController.swift in Sources */,
				4BA6EAAD2131721D007612AD /* extensionUIViewController.swift in Sources */,
				4B9B27432132BB9B006DE326 /* LocationSearchResultsViewController.swift in Sources */,
				4B9039E21FD6436E008813EF /* Extensions.swift in Sources */,
				4B9B27542132BB9B006DE326 /* LikeButtonCell.swift in Sources */,
				4B9B27552132BB9B006DE326 /* Label.swift in Sources */,
				4B9B27282132BB9B006DE326 /* UIViewController+Extensions.swift in Sources */,
				4B9B27322132BB9B006DE326 /* Optional+Extensions.swift in Sources */,
				4B9B27412132BB9B006DE326 /* Assets.swift in Sources */,
				DD81676F1F96E8FE00A80891 /* AppDelegate.swift in Sources */,
				4B9B272E2132BB9B006DE326 /* UIImage+Extensions.swift in Sources */,
				4B9B27342132BB9B006DE326 /* Locale+Extensions.swift in Sources */,
				4B9B27492132BB9B006DE326 /* ContactsPickerViewController.swift in Sources */,
				4BA6EAA321316D7E007612AD /* PopAnimator.swift in Sources */,
				4BAE873C1FAAA933007A0ED7 /* SearchResultsController.swift in Sources */,
			);
			runOnlyForDeploymentPostprocessing = 0;
		};
/* End PBXSourcesBuildPhase section */

/* Begin PBXVariantGroup section */
		DD8167721F96E8FE00A80891 /* Main.storyboard */ = {
			isa = PBXVariantGroup;
			children = (
				DD8167731F96E8FE00A80891 /* Base */,
			);
			name = Main.storyboard;
			sourceTree = "<group>";
		};
/* End PBXVariantGroup section */

/* Begin XCBuildConfiguration section */
		DD81677B1F96E8FE00A80891 /* Debug */ = {
			isa = XCBuildConfiguration;
			buildSettings = {
				ALWAYS_SEARCH_USER_PATHS = NO;
				CLANG_ANALYZER_NONNULL = YES;
				CLANG_ANALYZER_NUMBER_OBJECT_CONVERSION = YES_AGGRESSIVE;
				CLANG_CXX_LANGUAGE_STANDARD = "gnu++14";
				CLANG_CXX_LIBRARY = "libc++";
				CLANG_ENABLE_MODULES = YES;
				CLANG_ENABLE_OBJC_ARC = YES;
				CLANG_WARN_BLOCK_CAPTURE_AUTORELEASING = YES;
				CLANG_WARN_BOOL_CONVERSION = YES;
				CLANG_WARN_COMMA = YES;
				CLANG_WARN_CONSTANT_CONVERSION = YES;
				CLANG_WARN_DEPRECATED_OBJC_IMPLEMENTATIONS = YES;
				CLANG_WARN_DIRECT_OBJC_ISA_USAGE = YES_ERROR;
				CLANG_WARN_DOCUMENTATION_COMMENTS = YES;
				CLANG_WARN_EMPTY_BODY = YES;
				CLANG_WARN_ENUM_CONVERSION = YES;
				CLANG_WARN_INFINITE_RECURSION = YES;
				CLANG_WARN_INT_CONVERSION = YES;
				CLANG_WARN_NON_LITERAL_NULL_CONVERSION = YES;
				CLANG_WARN_OBJC_IMPLICIT_RETAIN_SELF = YES;
				CLANG_WARN_OBJC_LITERAL_CONVERSION = YES;
				CLANG_WARN_OBJC_ROOT_CLASS = YES_ERROR;
				CLANG_WARN_RANGE_LOOP_ANALYSIS = YES;
				CLANG_WARN_STRICT_PROTOTYPES = YES;
				CLANG_WARN_SUSPICIOUS_MOVE = YES;
				CLANG_WARN_UNGUARDED_AVAILABILITY = YES_AGGRESSIVE;
				CLANG_WARN_UNREACHABLE_CODE = YES;
				CLANG_WARN__DUPLICATE_METHOD_MATCH = YES;
				CODE_SIGN_IDENTITY = "iPhone Developer";
				COPY_PHASE_STRIP = NO;
				DEBUG_INFORMATION_FORMAT = dwarf;
				ENABLE_STRICT_OBJC_MSGSEND = YES;
				ENABLE_TESTABILITY = YES;
				GCC_C_LANGUAGE_STANDARD = gnu11;
				GCC_DYNAMIC_NO_PIC = NO;
				GCC_NO_COMMON_BLOCKS = YES;
				GCC_OPTIMIZATION_LEVEL = 0;
				GCC_PREPROCESSOR_DEFINITIONS = (
					"DEBUG=1",
					"$(inherited)",
				);
				GCC_WARN_64_TO_32_BIT_CONVERSION = YES;
				GCC_WARN_ABOUT_RETURN_TYPE = YES_ERROR;
				GCC_WARN_UNDECLARED_SELECTOR = YES;
				GCC_WARN_UNINITIALIZED_AUTOS = YES_AGGRESSIVE;
				GCC_WARN_UNUSED_FUNCTION = YES;
				GCC_WARN_UNUSED_VARIABLE = YES;
				IPHONEOS_DEPLOYMENT_TARGET = 11.0;
				MTL_ENABLE_DEBUG_INFO = YES;
				ONLY_ACTIVE_ARCH = YES;
				SDKROOT = iphoneos;
				SWIFT_ACTIVE_COMPILATION_CONDITIONS = DEBUG;
				SWIFT_OPTIMIZATION_LEVEL = "-Onone";
			};
			name = Debug;
		};
		DD81677C1F96E8FE00A80891 /* Release */ = {
			isa = XCBuildConfiguration;
			buildSettings = {
				ALWAYS_SEARCH_USER_PATHS = NO;
				CLANG_ANALYZER_NONNULL = YES;
				CLANG_ANALYZER_NUMBER_OBJECT_CONVERSION = YES_AGGRESSIVE;
				CLANG_CXX_LANGUAGE_STANDARD = "gnu++14";
				CLANG_CXX_LIBRARY = "libc++";
				CLANG_ENABLE_MODULES = YES;
				CLANG_ENABLE_OBJC_ARC = YES;
				CLANG_WARN_BLOCK_CAPTURE_AUTORELEASING = YES;
				CLANG_WARN_BOOL_CONVERSION = YES;
				CLANG_WARN_COMMA = YES;
				CLANG_WARN_CONSTANT_CONVERSION = YES;
				CLANG_WARN_DEPRECATED_OBJC_IMPLEMENTATIONS = YES;
				CLANG_WARN_DIRECT_OBJC_ISA_USAGE = YES_ERROR;
				CLANG_WARN_DOCUMENTATION_COMMENTS = YES;
				CLANG_WARN_EMPTY_BODY = YES;
				CLANG_WARN_ENUM_CONVERSION = YES;
				CLANG_WARN_INFINITE_RECURSION = YES;
				CLANG_WARN_INT_CONVERSION = YES;
				CLANG_WARN_NON_LITERAL_NULL_CONVERSION = YES;
				CLANG_WARN_OBJC_IMPLICIT_RETAIN_SELF = YES;
				CLANG_WARN_OBJC_LITERAL_CONVERSION = YES;
				CLANG_WARN_OBJC_ROOT_CLASS = YES_ERROR;
				CLANG_WARN_RANGE_LOOP_ANALYSIS = YES;
				CLANG_WARN_STRICT_PROTOTYPES = YES;
				CLANG_WARN_SUSPICIOUS_MOVE = YES;
				CLANG_WARN_UNGUARDED_AVAILABILITY = YES_AGGRESSIVE;
				CLANG_WARN_UNREACHABLE_CODE = YES;
				CLANG_WARN__DUPLICATE_METHOD_MATCH = YES;
				CODE_SIGN_IDENTITY = "iPhone Developer";
				COPY_PHASE_STRIP = NO;
				DEBUG_INFORMATION_FORMAT = "dwarf-with-dsym";
				ENABLE_NS_ASSERTIONS = NO;
				ENABLE_STRICT_OBJC_MSGSEND = YES;
				GCC_C_LANGUAGE_STANDARD = gnu11;
				GCC_NO_COMMON_BLOCKS = YES;
				GCC_WARN_64_TO_32_BIT_CONVERSION = YES;
				GCC_WARN_ABOUT_RETURN_TYPE = YES_ERROR;
				GCC_WARN_UNDECLARED_SELECTOR = YES;
				GCC_WARN_UNINITIALIZED_AUTOS = YES_AGGRESSIVE;
				GCC_WARN_UNUSED_FUNCTION = YES;
				GCC_WARN_UNUSED_VARIABLE = YES;
				IPHONEOS_DEPLOYMENT_TARGET = 11.0;
				MTL_ENABLE_DEBUG_INFO = NO;
				SDKROOT = iphoneos;
				SWIFT_OPTIMIZATION_LEVEL = "-Owholemodule";
				VALIDATE_PRODUCT = YES;
			};
			name = Release;
		};
		DD81677E1F96E8FE00A80891 /* Debug */ = {
			isa = XCBuildConfiguration;
			baseConfigurationReference = 6CC18B5FEF1A916FCD57201E /* Pods-FinalStackProject.debug.xcconfig */;
			buildSettings = {
				ASSETCATALOG_COMPILER_APPICON_NAME = AppIcon;
				CODE_SIGN_STYLE = Automatic;
				DEVELOPMENT_TEAM = W6W2L5AWAU;
				INFOPLIST_FILE = "$(SRCROOT)/FinalStackProject/Info.plist";
				LD_RUNPATH_SEARCH_PATHS = "$(inherited) @executable_path/Frameworks";
				PRODUCT_BUNDLE_IDENTIFIER = "younari.-01-.stackApp";
				PRODUCT_NAME = "$(TARGET_NAME)";
				SWIFT_VERSION = 4.0;
				TARGETED_DEVICE_FAMILY = "1,2";
			};
			name = Debug;
		};
		DD81677F1F96E8FE00A80891 /* Release */ = {
			isa = XCBuildConfiguration;
			baseConfigurationReference = 245228E337F3A6732A2B78E1 /* Pods-FinalStackProject.release.xcconfig */;
			buildSettings = {
				ASSETCATALOG_COMPILER_APPICON_NAME = AppIcon;
				CODE_SIGN_STYLE = Automatic;
				DEVELOPMENT_TEAM = W6W2L5AWAU;
				INFOPLIST_FILE = "$(SRCROOT)/FinalStackProject/Info.plist";
				LD_RUNPATH_SEARCH_PATHS = "$(inherited) @executable_path/Frameworks";
				PRODUCT_BUNDLE_IDENTIFIER = "younari.-01-.stackApp";
				PRODUCT_NAME = "$(TARGET_NAME)";
				SWIFT_VERSION = 4.0;
				TARGETED_DEVICE_FAMILY = "1,2";
			};
			name = Release;
		};
/* End XCBuildConfiguration section */

/* Begin XCConfigurationList section */
		DD8167661F96E8FE00A80891 /* Build configuration list for PBXProject "FinalStackProject" */ = {
			isa = XCConfigurationList;
			buildConfigurations = (
				DD81677B1F96E8FE00A80891 /* Debug */,
				DD81677C1F96E8FE00A80891 /* Release */,
			);
			defaultConfigurationIsVisible = 0;
			defaultConfigurationName = Release;
		};
		DD81677D1F96E8FE00A80891 /* Build configuration list for PBXNativeTarget "FinalStackProject" */ = {
			isa = XCConfigurationList;
			buildConfigurations = (
				DD81677E1F96E8FE00A80891 /* Debug */,
				DD81677F1F96E8FE00A80891 /* Release */,
			);
			defaultConfigurationIsVisible = 0;
			defaultConfigurationName = Release;
		};
/* End XCConfigurationList section */
	};
	rootObject = DD8167631F96E8FE00A80891 /* Project object */;
}
